
Microsoft Visual Studio Solution File, Format Version 12.00
# Visual Studio 15
VisualStudioVersion = 15.0.28010.2041
MinimumVisualStudioVersion = 10.0.40219.1
Project("{FAE04EC0-301F-11D3-BF4B-00C04F79EFBC}") = "Bisection_Algorithm", "Bisection_Algorithm\Bisection_Algorithm.csproj", "{F841B540-9328-4252-AD5A-DA6772BBEE3B}"
EndProject
Global
	GlobalSection(SolutionConfigurationPlatforms) = preSolution
		Debug|Any CPU = Debug|Any CPU
		Release|Any CPU = Release|Any CPU
	EndGlobalSection
	GlobalSection(ProjectConfigurationPlatforms) = postSolution
		{F841B540-9328-4252-AD5A-DA6772BBEE3B}.Debug|Any CPU.ActiveCfg = Debug|Any CPU
		{F841B540-9328-4252-AD5A-DA6772BBEE3B}.Debug|Any CPU.Build.0 = Debug|Any CPU
		{F841B540-9328-4252-AD5A-DA6772BBEE3B}.Release|Any CPU.ActiveCfg = Release|Any CPU
		{F841B540-9328-4252-AD5A-DA6772BBEE3B}.Release|Any CPU.Build.0 = Release|Any CPU
	EndGlobalSection
	GlobalSection(SolutionProperties) = preSolution
		HideSolutionNode = FALSE
	EndGlobalSection
	GlobalSection(ExtensibilityGlobals) = postSolution
		SolutionGuid = {6B42E09C-8A6B-4E47-9CBD-42BD60D6207E}
	EndGlobalSection
EndGlobal
